
Microsoft Visual Studio Solution File, Format Version 12.00
Project("{FAE04EC0-301F-11D3-BF4B-00C04F79EFBC}") = "Menagerie", "Menagerie\Menagerie.csproj", "{50D0A56A-0B37-4B87-BCF4-A2F293F4BA5D}"
EndProject
Project("{FAE04EC0-301F-11D3-BF4B-00C04F79EFBC}") = "Menagerie.Core", "Menagerie.Core\Menagerie.Core.csproj", "{ECE07661-3A07-417B-9B72-1280F678C160}"
EndProject
Global
	GlobalSection(SolutionConfigurationPlatforms) = preSolution
		Debug|Any CPU = Debug|Any CPU
		Release|Any CPU = Release|Any CPU
	EndGlobalSection
	GlobalSection(ProjectConfigurationPlatforms) = postSolution
		{50D0A56A-0B37-4B87-BCF4-A2F293F4BA5D}.Debug|Any CPU.ActiveCfg = Debug|Any CPU
		{50D0A56A-0B37-4B87-BCF4-A2F293F4BA5D}.Debug|Any CPU.Build.0 = Debug|Any CPU
		{50D0A56A-0B37-4B87-BCF4-A2F293F4BA5D}.Release|Any CPU.ActiveCfg = Release|Any CPU
		{50D0A56A-0B37-4B87-BCF4-A2F293F4BA5D}.Release|Any CPU.Build.0 = Release|Any CPU
		{ECE07661-3A07-417B-9B72-1280F678C160}.Debug|Any CPU.ActiveCfg = Debug|Any CPU
		{ECE07661-3A07-417B-9B72-1280F678C160}.Debug|Any CPU.Build.0 = Debug|Any CPU
		{ECE07661-3A07-417B-9B72-1280F678C160}.Release|Any CPU.ActiveCfg = Release|Any CPU
		{ECE07661-3A07-417B-9B72-1280F678C160}.Release|Any CPU.Build.0 = Release|Any CPU
	EndGlobalSection
EndGlobal
