
Microsoft Visual Studio Solution File, Format Version 12.00
Project("{FAE04EC0-301F-11D3-BF4B-00C04F79EFBC}") = "Menagerie", "Menagerie\Menagerie.csproj", "{C7938036-4C30-4CE4-B396-B4D9038520AA}"
EndProject
Project("{2150E333-8FDC-42A3-9474-1A3956D46DE8}") = "App", "App", "{F1E91809-54F6-481C-97F0-CB2E6A3474C8}"
EndProject
Project("{FAE04EC0-301F-11D3-BF4B-00C04F79EFBC}") = "Menagerie.Core", "Menagerie.Core\Menagerie.Core.csproj", "{B9EE9EB9-455E-44EF-955E-E3AA4B419313}"
EndProject
Project("{2150E333-8FDC-42A3-9474-1A3956D46DE8}") = "Tests", "Tests", "{7736DB28-774D-428D-A1B1-E4519B8DAE5D}"
EndProject
Project("{FAE04EC0-301F-11D3-BF4B-00C04F79EFBC}") = "Menagerie.Tests", "Tests\Menagerie.Tests\Menagerie.Tests.csproj", "{2FBE3DA4-048A-4E26-A285-799A4BC76D57}"
EndProject
Global
	GlobalSection(SolutionConfigurationPlatforms) = preSolution
		Debug|Any CPU = Debug|Any CPU
		Release|Any CPU = Release|Any CPU
	EndGlobalSection
	GlobalSection(ProjectConfigurationPlatforms) = postSolution
		{C7938036-4C30-4CE4-B396-B4D9038520AA}.Debug|Any CPU.ActiveCfg = Debug|Any CPU
		{C7938036-4C30-4CE4-B396-B4D9038520AA}.Debug|Any CPU.Build.0 = Debug|Any CPU
		{C7938036-4C30-4CE4-B396-B4D9038520AA}.Release|Any CPU.ActiveCfg = Release|Any CPU
		{C7938036-4C30-4CE4-B396-B4D9038520AA}.Release|Any CPU.Build.0 = Release|Any CPU
		{B9EE9EB9-455E-44EF-955E-E3AA4B419313}.Debug|Any CPU.ActiveCfg = Debug|Any CPU
		{B9EE9EB9-455E-44EF-955E-E3AA4B419313}.Debug|Any CPU.Build.0 = Debug|Any CPU
		{B9EE9EB9-455E-44EF-955E-E3AA4B419313}.Release|Any CPU.ActiveCfg = Release|Any CPU
		{B9EE9EB9-455E-44EF-955E-E3AA4B419313}.Release|Any CPU.Build.0 = Release|Any CPU
		{2FBE3DA4-048A-4E26-A285-799A4BC76D57}.Debug|Any CPU.ActiveCfg = Debug|Any CPU
		{2FBE3DA4-048A-4E26-A285-799A4BC76D57}.Debug|Any CPU.Build.0 = Debug|Any CPU
		{2FBE3DA4-048A-4E26-A285-799A4BC76D57}.Release|Any CPU.ActiveCfg = Release|Any CPU
		{2FBE3DA4-048A-4E26-A285-799A4BC76D57}.Release|Any CPU.Build.0 = Release|Any CPU
	EndGlobalSection
	GlobalSection(NestedProjects) = preSolution
		{C7938036-4C30-4CE4-B396-B4D9038520AA} = {F1E91809-54F6-481C-97F0-CB2E6A3474C8}
		{B9EE9EB9-455E-44EF-955E-E3AA4B419313} = {F1E91809-54F6-481C-97F0-CB2E6A3474C8}
		{2FBE3DA4-048A-4E26-A285-799A4BC76D57} = {7736DB28-774D-428D-A1B1-E4519B8DAE5D}
	EndGlobalSection
EndGlobal
